{
  "version": 4,
  "terraform_version": "1.4.6",
  "serial": 187,
  "lineage": "072cb088-8353-2b49-44b2-c1dc8f6edfa5",
  "outputs": {
    "cluster_id": {
      "value": "arn:aws:ecs:eu-west-1:601899071982:cluster/far_cluster",
      "type": "string"
    },
    "repository_id": {
      "value": "far_repository",
      "type": "string"
    },
    "task_definition_arn": {
      "value": "arn:aws:ecs:eu-west-1:601899071982:task-definition/run-FAR:12",
      "type": "string"
    }
  },
  "resources": [
    {
      "mode": "managed",
      "type": "aws_cloudwatch_event_rule",
      "name": "schedule_rule",
      "provider": "provider[\"registry.terraform.io/hashicorp/aws\"]",
      "instances": [
        {
          "schema_version": 0,
          "attributes": {
            "arn": "arn:aws:events:eu-west-1:601899071982:rule/schedule-run-FAR",
            "description": "Run ECS task run-FAR daily at 8 am",
            "event_bus_name": "default",
            "event_pattern": null,
            "id": "schedule-run-FAR",
            "is_enabled": true,
            "name": "schedule-run-FAR",
            "name_prefix": "",
            "role_arn": "",
            "schedule_expression": "cron(0 8 * * ? *)",
            "tags": {
              "Name": "schedule-run-FAR"
            },
            "tags_all": {
              "App Name": "FindARoof",
              "Name": "schedule-run-FAR",
              "Terraform": "true"
            }
          },
          "sensitive_attributes": [],
          "private": "bnVsbA=="
        }
      ]
    },
    {
      "mode": "managed",
      "type": "aws_cloudwatch_event_target",
      "name": "schedule_target",
      "provider": "provider[\"registry.terraform.io/hashicorp/aws\"]",
      "instances": [
        {
          "schema_version": 1,
          "attributes": {
            "arn": "arn:aws:ecs:eu-west-1:601899071982:cluster/far_cluster",
            "batch_target": [],
            "dead_letter_config": [],
            "ecs_target": [
              {
                "capacity_provider_strategy": [],
                "enable_ecs_managed_tags": false,
                "enable_execute_command": false,
                "group": "",
                "launch_type": "FARGATE",
                "network_configuration": [
                  {
                    "assign_public_ip": true,
                    "security_groups": [
                      "sg-0be035390887c3a8f"
                    ],
                    "subnets": [
                      "subnet-0ed9962dd37495b16"
                    ]
                  }
                ],
                "ordered_placement_strategy": [],
                "placement_constraint": [],
                "platform_version": "",
                "propagate_tags": "",
                "tags": {},
                "task_count": 1,
                "task_definition_arn": "arn:aws:ecs:eu-west-1:601899071982:task-definition/run-FAR:12"
              }
            ],
            "event_bus_name": "default",
            "http_target": [],
            "id": "schedule-run-FAR-daily-job",
            "input": "",
            "input_path": "",
            "input_transformer": [],
            "kinesis_target": [],
            "redshift_target": [],
            "retry_policy": [],
            "role_arn": "arn:aws:iam::601899071982:role/ecs-task-execution-role-9NkIAsJppv00JdQI",
            "rule": "schedule-run-FAR",
            "run_command_targets": [],
            "sqs_target": [],
            "target_id": "daily-job"
          },
          "sensitive_attributes": [],
          "private": "eyJzY2hlbWFfdmVyc2lvbiI6IjEifQ==",
          "dependencies": [
            "aws_cloudwatch_event_rule.schedule_rule",
            "aws_ecs_task_definition.task_definition",
            "module.ecs_ecr.aws_cloudwatch_log_group.ecs_task_logs",
            "module.ecs_ecr.aws_ecr_repository.repository",
            "module.ecs_ecr.aws_ecs_cluster.cluster",
            "module.ecs_ecr.aws_iam_role.ecs_task_execution_role",
            "module.ecs_ecr.random_string.random_key",
            "module.vpc.aws_security_group.my_security_group",
            "module.vpc.aws_subnet.my_public_subnet"
          ]
        }
      ]
    },
    {
      "mode": "managed",
      "type": "aws_dynamodb_table",
      "name": "table",
      "provider": "provider[\"registry.terraform.io/hashicorp/aws\"]",
      "instances": [
        {
          "schema_version": 1,
          "attributes": {
            "arn": "arn:aws:dynamodb:eu-west-1:601899071982:table/FAR-cache",
            "attribute": [
              {
                "name": "id",
                "type": "S"
              },
              {
                "name": "url",
                "type": "S"
              }
            ],
            "billing_mode": "PAY_PER_REQUEST",
            "deletion_protection_enabled": false,
            "global_secondary_index": [
              {
                "hash_key": "url",
                "name": "urlIndex",
                "non_key_attributes": [],
                "projection_type": "ALL",
                "range_key": "",
                "read_capacity": 5,
                "write_capacity": 5
              }
            ],
            "hash_key": "id",
            "id": "FAR-cache",
            "local_secondary_index": [],
            "name": "FAR-cache",
            "point_in_time_recovery": [
              {
                "enabled": false
              }
            ],
            "range_key": null,
            "read_capacity": 0,
            "replica": [],
            "restore_date_time": null,
            "restore_source_name": null,
            "restore_to_latest_time": null,
            "server_side_encryption": [],
            "stream_arn": "",
            "stream_enabled": false,
            "stream_label": "",
            "stream_view_type": "",
            "table_class": "STANDARD",
            "tags": {},
            "tags_all": {
              "App Name": "FindARoof",
              "Terraform": "true"
            },
            "timeouts": null,
            "ttl": [
              {
                "attribute_name": "",
                "enabled": false
              }
            ],
            "write_capacity": 0
          },
          "sensitive_attributes": [],
          "private": "eyJlMmJmYjczMC1lY2FhLTExZTYtOGY4OC0zNDM2M2JjN2M0YzAiOnsiY3JlYXRlIjoxODAwMDAwMDAwMDAwLCJkZWxldGUiOjYwMDAwMDAwMDAwMCwidXBkYXRlIjozNjAwMDAwMDAwMDAwfSwic2NoZW1hX3ZlcnNpb24iOiIxIn0="
        }
      ]
    },
    {
      "mode": "managed",
      "type": "aws_ecs_task_definition",
      "name": "task_definition",
      "provider": "provider[\"registry.terraform.io/hashicorp/aws\"]",
      "instances": [
        {
          "schema_version": 1,
          "attributes": {
            "arn": "arn:aws:ecs:eu-west-1:601899071982:task-definition/run-FAR:12",
            "arn_without_revision": "arn:aws:ecs:eu-west-1:601899071982:task-definition/run-FAR",
            "container_definitions": "[{\"command\":[],\"cpu\":128,\"environment\":[{\"name\":\"AWS_ACCESS_KEY_ID\",\"value\":\"AKIAYYI727HXKBMT2XMI\"},{\"name\":\"AWS_ACCESS_KEY_SECRET\",\"value\":\"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\"},{\"name\":\"AWS_DEFAULT_REGION\",\"value\":\"eu-west-1\"},{\"name\":\"DYNAMO_DB_TABLE_NAME\",\"value\":\"FAR-cache\"},{\"name\":\"FROM_EMAIL\",\"value\":\"tolokonnikovadaria@gmail.com\"},{\"name\":\"IMAGE_NAME\",\"value\":\"FAR-job\"},{\"name\":\"NAME\",\"value\":\"daria.tolokonnikova\"},{\"name\":\"PHONE\",\"value\":\"0782426750\"}],\"essential\":true,\"image\":\"601899071982.dkr.ecr.eu-west-1.amazonaws.com/far_repository:latest\",\"logConfiguration\":{\"logDriver\":\"awslogs\",\"options\":{\"awslogs-group\":\"/ecs/far\",\"awslogs-region\":\"eu-west-1\",\"awslogs-stream-prefix\":\"ecs\"}},\"memory\":256,\"mountPoints\":[],\"name\":\"FAR-job\",\"portMappings\":[],\"volumesFrom\":[]}]",
            "cpu": "1024",
            "ephemeral_storage": [],
            "execution_role_arn": "arn:aws:iam::601899071982:role/ecs-task-execution-role-9NkIAsJppv00JdQI",
            "family": "run-FAR",
            "id": "run-FAR",
            "inference_accelerator": [],
            "ipc_mode": "",
            "memory": "2048",
            "network_mode": "awsvpc",
            "pid_mode": "",
            "placement_constraints": [],
            "proxy_configuration": [],
            "requires_compatibilities": [
              "FARGATE"
            ],
            "revision": 12,
            "runtime_platform": [],
            "skip_destroy": false,
            "tags": null,
            "tags_all": {
              "App Name": "FindARoof",
              "Terraform": "true"
            },
            "task_role_arn": "",
            "volume": []
          },
          "sensitive_attributes": [],
          "private": "eyJzY2hlbWFfdmVyc2lvbiI6IjEifQ==",
          "dependencies": [
            "module.ecs_ecr.aws_cloudwatch_log_group.ecs_task_logs",
            "module.ecs_ecr.aws_ecr_repository.repository",
            "module.ecs_ecr.aws_iam_role.ecs_task_execution_role",
            "module.ecs_ecr.random_string.random_key"
          ]
        }
      ]
    },
    {
      "mode": "managed",
      "type": "local_file",
      "name": "push_to_registry_script",
      "provider": "provider[\"registry.terraform.io/hashicorp/local\"]",
      "instances": [
        {
          "schema_version": 0,
          "attributes": {
            "content": "  AWS_ACCESS_KEY_ID=\"AKIAYYI727HXBQY3U2KZ\"\n  AWS_SECRET_ACCESS_KEY=\"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\"\n  AWS_DEFAULT_REGION=eu-west-1\n  AWS_ECR_URL=601899071982.dkr.ecr.eu-west-1.amazonaws.com/far_repository\n  IMAGE_NAME=dariatolo\n\n  aws ecr get-login-password --region $AWS_DEFAULT_REGION | docker login --username AWS --password-stdin $AWS_ECR_URL\n  docker build . -t $IMAGE_NAME\n  docker tag $IMAGE_NAME:latest $AWS_ECR_URL:latest\n  docker push $AWS_ECR_URL:latest\n",
            "content_base64": null,
            "content_base64sha256": "+SduE9t7PugKtLBQ5tMVz7tNSk5a4LlKZOhmFzD6PLg=",
            "content_base64sha512": "EBrtC/pNgFrjlfH5Q52kSTlNZAbbaQB3IVl/7yq8W229IDvH2BWOFsF0y+jLmJtLi2H9v3ZJ5lr8bD6TRq+lhg==",
            "content_md5": "76ea17b23fb454fc4bf8305d82c9d607",
            "content_sha1": "a0839b885b9aad4a79da3bf279699b025c646f0a",
            "content_sha256": "f9276e13db7b3ee80ab4b050e6d315cfbb4d4a4e5ae0b94a64e8661730fa3cb8",
            "content_sha512": "101aed0bfa4d805ae395f1f9439da449394d6406db69007721597fef2abc5b6dbd203bc7d8158e16c174cbe8cb989b4b8b61fdbf7649e65afc6c3e9346afa586",
            "directory_permission": "0777",
            "file_permission": "744",
            "filename": "push-dariatolo.sh",
            "id": "a0839b885b9aad4a79da3bf279699b025c646f0a",
            "sensitive_content": null,
            "source": null
          },
          "sensitive_attributes": [
            [
              {
                "type": "get_attr",
                "value": "content"
              }
            ]
          ],
          "dependencies": [
            "module.ecs_ecr.aws_ecr_repository.repository",
            "module.ecs_ecr.aws_iam_access_key.script_user_key"
          ]
        }
      ]
    },
    {
      "module": "module.ecs_ecr",
      "mode": "data",
      "type": "aws_iam_policy",
      "name": "task_execution_policy",
      "provider": "provider[\"registry.terraform.io/hashicorp/aws\"]",
      "instances": [
        {
          "schema_version": 0,
          "attributes": {
            "arn": "arn:aws:iam::aws:policy/service-role/AmazonECSTaskExecutionRolePolicy",
            "description": "Provides access to other AWS service resources that are required to run Amazon ECS tasks",
            "id": "arn:aws:iam::aws:policy/service-role/AmazonECSTaskExecutionRolePolicy",
            "name": "AmazonECSTaskExecutionRolePolicy",
            "path": "/service-role/",
            "path_prefix": null,
            "policy": "{\n  \"Version\": \"2012-10-17\",\n  \"Statement\": [\n    {\n      \"Effect\": \"Allow\",\n      \"Action\": [\n        \"ecr:GetAuthorizationToken\",\n        \"ecr:BatchCheckLayerAvailability\",\n        \"ecr:GetDownloadUrlForLayer\",\n        \"ecr:BatchGetImage\",\n        \"logs:CreateLogStream\",\n        \"logs:PutLogEvents\"\n      ],\n      \"Resource\": \"*\"\n    }\n  ]\n}",
            "policy_id": "ANPAJG4T4G4PV56DE72PY",
            "tags": {}
          },
          "sensitive_attributes": []
        }
      ]
    },
    {
      "module": "module.ecs_ecr",
      "mode": "managed",
      "type": "aws_cloudwatch_log_group",
      "name": "ecs_task_logs",
      "provider": "provider[\"registry.terraform.io/hashicorp/aws\"]",
      "instances": [
        {
          "schema_version": 0,
          "attributes": {
            "arn": "arn:aws:logs:eu-west-1:601899071982:log-group:/ecs/far",
            "id": "/ecs/far",
            "kms_key_id": "",
            "name": "/ecs/far",
            "name_prefix": "",
            "retention_in_days": 7,
            "skip_destroy": false,
            "tags": {},
            "tags_all": {
              "App Name": "FindARoof",
              "Terraform": "true"
            }
          },
          "sensitive_attributes": [],
          "private": "bnVsbA=="
        }
      ]
    },
    {
      "module": "module.ecs_ecr",
      "mode": "managed",
      "type": "aws_ecr_repository",
      "name": "repository",
      "provider": "provider[\"registry.terraform.io/hashicorp/aws\"]",
      "instances": [
        {
          "schema_version": 0,
          "attributes": {
            "arn": "arn:aws:ecr:eu-west-1:601899071982:repository/far_repository",
            "encryption_configuration": [
              {
                "encryption_type": "AES256",
                "kms_key": ""
              }
            ],
            "force_delete": true,
            "id": "far_repository",
            "image_scanning_configuration": [
              {
                "scan_on_push": false
              }
            ],
            "image_tag_mutability": "MUTABLE",
            "name": "far_repository",
            "registry_id": "601899071982",
            "repository_url": "601899071982.dkr.ecr.eu-west-1.amazonaws.com/far_repository",
            "tags": {},
            "tags_all": {
              "App Name": "FindARoof",
              "Terraform": "true"
            },
            "timeouts": null
          },
          "sensitive_attributes": [],
          "private": "eyJlMmJmYjczMC1lY2FhLTExZTYtOGY4OC0zNDM2M2JjN2M0YzAiOnsiZGVsZXRlIjoxMjAwMDAwMDAwMDAwfX0="
        }
      ]
    },
    {
      "module": "module.ecs_ecr",
      "mode": "managed",
      "type": "aws_ecs_cluster",
      "name": "cluster",
      "provider": "provider[\"registry.terraform.io/hashicorp/aws\"]",
      "instances": [
        {
          "schema_version": 0,
          "attributes": {
            "arn": "arn:aws:ecs:eu-west-1:601899071982:cluster/far_cluster",
            "configuration": [],
            "id": "arn:aws:ecs:eu-west-1:601899071982:cluster/far_cluster",
            "name": "far_cluster",
            "service_connect_defaults": [],
            "setting": [
              {
                "name": "containerInsights",
                "value": "disabled"
              }
            ],
            "tags": {},
            "tags_all": {
              "App Name": "FindARoof",
              "Terraform": "true"
            }
          },
          "sensitive_attributes": [],
          "private": "bnVsbA=="
        }
      ]
    },
    {
      "module": "module.ecs_ecr",
      "mode": "managed",
      "type": "aws_iam_access_key",
      "name": "script_user_key",
      "provider": "provider[\"registry.terraform.io/hashicorp/aws\"]",
      "instances": [
        {
          "schema_version": 0,
          "attributes": {
            "create_date": "2023-06-09T18:25:18Z",
            "encrypted_secret": null,
            "encrypted_ses_smtp_password_v4": null,
            "id": "AKIAYYI727HXBQY3U2KZ",
            "key_fingerprint": null,
            "pgp_key": null,
            "secret": "UJgOtoqHpt707x5RlvZwW6Q7PnHEpsO3DxtqbqTD",
            "ses_smtp_password_v4": "BDJ92aMn4F9iL0tvow4NCF9PzStOMAAszUi9Ussp0XsC",
            "status": "Active",
            "user": "far-service-user"
          },
          "sensitive_attributes": [],
          "private": "bnVsbA==",
          "dependencies": [
            "module.ecs_ecr.aws_iam_user.script_user"
          ]
        }
      ]
    },
    {
      "module": "module.ecs_ecr",
      "mode": "managed",
      "type": "aws_iam_role",
      "name": "ecs_task_execution_role",
      "provider": "provider[\"registry.terraform.io/hashicorp/aws\"]",
      "instances": [
        {
          "schema_version": 0,
          "attributes": {
            "arn": "arn:aws:iam::601899071982:role/ecs-task-execution-role-9NkIAsJppv00JdQI",
            "assume_role_policy": "{\"Statement\":[{\"Action\":\"sts:AssumeRole\",\"Effect\":\"Allow\",\"Principal\":{\"Service\":\"ec2.amazonaws.com\"},\"Sid\":\"\"}],\"Version\":\"2012-10-17\"}",
            "create_date": "2023-06-09T18:43:11Z",
            "description": "",
            "force_detach_policies": false,
            "id": "ecs-task-execution-role-9NkIAsJppv00JdQI",
            "inline_policy": [],
            "managed_policy_arns": [],
            "max_session_duration": 3600,
            "name": "ecs-task-execution-role-9NkIAsJppv00JdQI",
            "name_prefix": "",
            "path": "/",
            "permissions_boundary": null,
            "tags": null,
            "tags_all": {
              "App Name": "FindARoof",
              "Terraform": "true"
            },
            "unique_id": "AROAYYI727HXCD4YB2FLO"
          },
          "sensitive_attributes": [],
          "private": "bnVsbA==",
          "dependencies": [
            "module.ecs_ecr.random_string.random_key"
          ]
        }
      ]
    },
    {
      "module": "module.ecs_ecr",
      "mode": "managed",
      "type": "aws_iam_role_policy_attachment",
      "name": "ecs_task_execution_policy",
      "provider": "provider[\"registry.terraform.io/hashicorp/aws\"]",
      "instances": [
        {
          "schema_version": 0,
          "attributes": {
            "id": "ecs-task-execution-role-9NkIAsJppv00JdQI-20230609184312426000000001",
            "policy_arn": "arn:aws:iam::aws:policy/service-role/AmazonECSTaskExecutionRolePolicy",
            "role": "ecs-task-execution-role-9NkIAsJppv00JdQI"
          },
          "sensitive_attributes": [],
          "private": "bnVsbA==",
          "dependencies": [
            "module.ecs_ecr.aws_iam_role.ecs_task_execution_role",
            "module.ecs_ecr.data.aws_iam_policy.task_execution_policy",
            "module.ecs_ecr.random_string.random_key"
          ]
        }
      ]
    },
    {
      "module": "module.ecs_ecr",
      "mode": "managed",
      "type": "aws_iam_user",
      "name": "script_user",
      "provider": "provider[\"registry.terraform.io/hashicorp/aws\"]",
      "instances": [
        {
          "schema_version": 0,
          "attributes": {
            "arn": "arn:aws:iam::601899071982:user/far-service-user",
            "force_destroy": false,
            "id": "far-service-user",
            "name": "far-service-user",
            "path": "/",
            "permissions_boundary": null,
            "tags": {},
            "tags_all": {
              "App Name": "FindARoof",
              "Terraform": "true"
            },
            "unique_id": "AIDAYYI727HXJA5J6JPLW"
          },
          "sensitive_attributes": [],
          "private": "bnVsbA=="
        }
      ]
    },
    {
      "module": "module.ecs_ecr",
      "mode": "managed",
      "type": "aws_iam_user_policy",
      "name": "script_user_policy",
      "provider": "provider[\"registry.terraform.io/hashicorp/aws\"]",
      "instances": [
        {
          "schema_version": 0,
          "attributes": {
            "id": "far-service-user:far-service-user-policy",
            "name": "far-service-user-policy",
            "name_prefix": null,
            "policy": "{\"Version\":\"2012-10-17\",\"Statement\":[{\"Action\":[\"dynamodb:List*\",\"dynamodb:DescribeReservedCapacity*\",\"dynamodb:DescribeLimits\",\"dynamodb:DescribeTimeToLive\"],\"Effect\":\"Allow\",\"Resource\":\"*\",\"Sid\":\"ListAndDescribe\"},{\"Action\":[\"dynamodb:BatchGet*\",\"dynamodb:DescribeStream\",\"dynamodb:DescribeTable\",\"dynamodb:Get*\",\"dynamodb:Query\",\"dynamodb:Scan\",\"dynamodb:BatchWrite*\",\"dynamodb:CreateTable\",\"dynamodb:Delete*\",\"dynamodb:Update*\",\"dynamodb:PutItem\"],\"Effect\":\"Allow\",\"Resource\":\"*\",\"Sid\":\"SpecificTable\"},{\"Action\":[\"ecr:*\"],\"Effect\":\"Allow\",\"Resource\":\"arn:aws:ecr:eu-west-1:601899071982:repository/far_repository\",\"Sid\":\"ECR\"}]}",
            "user": "far-service-user"
          },
          "sensitive_attributes": [],
          "private": "bnVsbA==",
          "dependencies": [
            "module.ecs_ecr.aws_ecr_repository.repository",
            "module.ecs_ecr.aws_iam_user.script_user"
          ]
        }
      ]
    },
    {
      "module": "module.ecs_ecr",
      "mode": "managed",
      "type": "random_string",
      "name": "random_key",
      "provider": "provider[\"registry.terraform.io/hashicorp/random\"]",
      "instances": [
        {
          "schema_version": 2,
          "attributes": {
            "id": "9NkIAsJppv00JdQI",
            "keepers": {
              "first": "2023-06-09T18:43:11Z"
            },
            "length": 16,
            "lower": true,
            "min_lower": 0,
            "min_numeric": 0,
            "min_special": 0,
            "min_upper": 0,
            "number": true,
            "numeric": true,
            "override_special": null,
            "result": "9NkIAsJppv00JdQI",
            "special": false,
            "upper": true
          },
          "sensitive_attributes": []
        }
      ]
    },
    {
      "module": "module.vpc",
      "mode": "managed",
      "type": "aws_internet_gateway",
      "name": "my_igw",
      "provider": "provider[\"registry.terraform.io/hashicorp/aws\"]",
      "instances": [
        {
          "schema_version": 0,
          "attributes": {
            "arn": "arn:aws:ec2:eu-west-1:601899071982:internet-gateway/igw-025b7e1dbfaebda97",
            "id": "igw-025b7e1dbfaebda97",
            "owner_id": "601899071982",
            "tags": {
              "Name": "FAR-igw"
            },
            "tags_all": {
              "App Name": "FindARoof",
              "Name": "FAR-igw",
              "Terraform": "true"
            },
            "timeouts": null,
            "vpc_id": "vpc-071ad0cff1034a64e"
          },
          "sensitive_attributes": [],
          "private": "eyJlMmJmYjczMC1lY2FhLTExZTYtOGY4OC0zNDM2M2JjN2M0YzAiOnsiY3JlYXRlIjoxMjAwMDAwMDAwMDAwLCJkZWxldGUiOjEyMDAwMDAwMDAwMDAsInVwZGF0ZSI6MTIwMDAwMDAwMDAwMH19",
          "dependencies": [
            "module.vpc.aws_vpc.my_vpc"
          ]
        }
      ]
    },
    {
      "module": "module.vpc",
      "mode": "managed",
      "type": "aws_route_table",
      "name": "my_route_table",
      "provider": "provider[\"registry.terraform.io/hashicorp/aws\"]",
      "instances": [
        {
          "schema_version": 0,
          "attributes": {
            "arn": "arn:aws:ec2:eu-west-1:601899071982:route-table/rtb-0fdfd88351a0b5356",
            "id": "rtb-0fdfd88351a0b5356",
            "owner_id": "601899071982",
            "propagating_vgws": [],
            "route": [
              {
                "carrier_gateway_id": "",
                "cidr_block": "0.0.0.0/0",
                "core_network_arn": "",
                "destination_prefix_list_id": "",
                "egress_only_gateway_id": "",
                "gateway_id": "igw-025b7e1dbfaebda97",
                "ipv6_cidr_block": "",
                "local_gateway_id": "",
                "nat_gateway_id": "",
                "network_interface_id": "",
                "transit_gateway_id": "",
                "vpc_endpoint_id": "",
                "vpc_peering_connection_id": ""
              }
            ],
            "tags": {
              "Name": "FAR-route-table"
            },
            "tags_all": {
              "App Name": "FindARoof",
              "Name": "FAR-route-table",
              "Terraform": "true"
            },
            "timeouts": null,
            "vpc_id": "vpc-071ad0cff1034a64e"
          },
          "sensitive_attributes": [],
          "private": "eyJlMmJmYjczMC1lY2FhLTExZTYtOGY4OC0zNDM2M2JjN2M0YzAiOnsiY3JlYXRlIjozMDAwMDAwMDAwMDAsImRlbGV0ZSI6MzAwMDAwMDAwMDAwLCJ1cGRhdGUiOjEyMDAwMDAwMDAwMH19",
          "dependencies": [
            "module.vpc.aws_internet_gateway.my_igw",
            "module.vpc.aws_vpc.my_vpc"
          ]
        }
      ]
    },
    {
      "module": "module.vpc",
      "mode": "managed",
      "type": "aws_route_table_association",
      "name": "my_route_table_association",
      "provider": "provider[\"registry.terraform.io/hashicorp/aws\"]",
      "instances": [
        {
          "schema_version": 0,
          "attributes": {
            "gateway_id": "",
            "id": "rtbassoc-0ef5f5e7785c6055f",
            "route_table_id": "rtb-0fdfd88351a0b5356",
            "subnet_id": "subnet-0ed9962dd37495b16",
            "timeouts": null
          },
          "sensitive_attributes": [],
          "private": "eyJlMmJmYjczMC1lY2FhLTExZTYtOGY4OC0zNDM2M2JjN2M0YzAiOnsiY3JlYXRlIjozMDAwMDAwMDAwMDAsImRlbGV0ZSI6MzAwMDAwMDAwMDAwLCJ1cGRhdGUiOjEyMDAwMDAwMDAwMH19",
          "dependencies": [
            "module.vpc.aws_internet_gateway.my_igw",
            "module.vpc.aws_route_table.my_route_table",
            "module.vpc.aws_subnet.my_public_subnet",
            "module.vpc.aws_vpc.my_vpc"
          ]
        }
      ]
    },
    {
      "module": "module.vpc",
      "mode": "managed",
      "type": "aws_security_group",
      "name": "my_security_group",
      "provider": "provider[\"registry.terraform.io/hashicorp/aws\"]",
      "instances": [
        {
          "schema_version": 1,
          "attributes": {
            "arn": "arn:aws:ec2:eu-west-1:601899071982:security-group/sg-0be035390887c3a8f",
            "description": "Managed by Terraform",
            "egress": [
              {
                "cidr_blocks": [
                  "0.0.0.0/0"
                ],
                "description": "",
                "from_port": 0,
                "ipv6_cidr_blocks": [],
                "prefix_list_ids": [],
                "protocol": "-1",
                "security_groups": [],
                "self": false,
                "to_port": 0
              }
            ],
            "id": "sg-0be035390887c3a8f",
            "ingress": [
              {
                "cidr_blocks": [
                  "0.0.0.0/0"
                ],
                "description": "",
                "from_port": 0,
                "ipv6_cidr_blocks": [],
                "prefix_list_ids": [],
                "protocol": "-1",
                "security_groups": [],
                "self": false,
                "to_port": 0
              }
            ],
            "name": "terraform-20230609170025696700000001",
            "name_prefix": "terraform-",
            "owner_id": "601899071982",
            "revoke_rules_on_delete": false,
            "tags": {
              "Name": "FAR-security-group"
            },
            "tags_all": {
              "App Name": "FindARoof",
              "Name": "FAR-security-group",
              "Terraform": "true"
            },
            "timeouts": null,
            "vpc_id": "vpc-071ad0cff1034a64e"
          },
          "sensitive_attributes": [],
          "private": "eyJlMmJmYjczMC1lY2FhLTExZTYtOGY4OC0zNDM2M2JjN2M0YzAiOnsiY3JlYXRlIjo2MDAwMDAwMDAwMDAsImRlbGV0ZSI6OTAwMDAwMDAwMDAwfSwic2NoZW1hX3ZlcnNpb24iOiIxIn0=",
          "dependencies": [
            "module.vpc.aws_vpc.my_vpc"
          ]
        }
      ]
    },
    {
      "module": "module.vpc",
      "mode": "managed",
      "type": "aws_subnet",
      "name": "my_public_subnet",
      "provider": "provider[\"registry.terraform.io/hashicorp/aws\"]",
      "instances": [
        {
          "schema_version": 1,
          "attributes": {
            "arn": "arn:aws:ec2:eu-west-1:601899071982:subnet/subnet-0ed9962dd37495b16",
            "assign_ipv6_address_on_creation": false,
            "availability_zone": "eu-west-1a",
            "availability_zone_id": "euw1-az3",
            "cidr_block": "10.0.0.0/24",
            "customer_owned_ipv4_pool": "",
            "enable_dns64": false,
            "enable_lni_at_device_index": 0,
            "enable_resource_name_dns_a_record_on_launch": false,
            "enable_resource_name_dns_aaaa_record_on_launch": false,
            "id": "subnet-0ed9962dd37495b16",
            "ipv6_cidr_block": "",
            "ipv6_cidr_block_association_id": "",
            "ipv6_native": false,
            "map_customer_owned_ip_on_launch": false,
            "map_public_ip_on_launch": true,
            "outpost_arn": "",
            "owner_id": "601899071982",
            "private_dns_hostname_type_on_launch": "ip-name",
            "tags": {
              "Name": "FAR-public-subnet"
            },
            "tags_all": {
              "App Name": "FindARoof",
              "Name": "FAR-public-subnet",
              "Terraform": "true"
            },
            "timeouts": null,
            "vpc_id": "vpc-071ad0cff1034a64e"
          },
          "sensitive_attributes": [],
          "private": "eyJlMmJmYjczMC1lY2FhLTExZTYtOGY4OC0zNDM2M2JjN2M0YzAiOnsiY3JlYXRlIjo2MDAwMDAwMDAwMDAsImRlbGV0ZSI6MTIwMDAwMDAwMDAwMH0sInNjaGVtYV92ZXJzaW9uIjoiMSJ9",
          "dependencies": [
            "module.vpc.aws_vpc.my_vpc"
          ]
        }
      ]
    },
    {
      "module": "module.vpc",
      "mode": "managed",
      "type": "aws_vpc",
      "name": "my_vpc",
      "provider": "provider[\"registry.terraform.io/hashicorp/aws\"]",
      "instances": [
        {
          "schema_version": 1,
          "attributes": {
            "arn": "arn:aws:ec2:eu-west-1:601899071982:vpc/vpc-071ad0cff1034a64e",
            "assign_generated_ipv6_cidr_block": false,
            "cidr_block": "10.0.0.0/16",
            "default_network_acl_id": "acl-0b0196fed3ae0cb36",
            "default_route_table_id": "rtb-0233ad9d8a6a0851a",
            "default_security_group_id": "sg-048ad5ca506f1453f",
            "dhcp_options_id": "dopt-0dd8f1574d6fd56aa",
            "enable_dns_hostnames": false,
            "enable_dns_support": true,
            "enable_network_address_usage_metrics": false,
            "id": "vpc-071ad0cff1034a64e",
            "instance_tenancy": "default",
            "ipv4_ipam_pool_id": null,
            "ipv4_netmask_length": null,
            "ipv6_association_id": "",
            "ipv6_cidr_block": "",
            "ipv6_cidr_block_network_border_group": "",
            "ipv6_ipam_pool_id": "",
            "ipv6_netmask_length": 0,
            "main_route_table_id": "rtb-0233ad9d8a6a0851a",
            "owner_id": "601899071982",
            "tags": {
              "Name": "FAR-vpc"
            },
            "tags_all": {
              "App Name": "FindARoof",
              "Name": "FAR-vpc",
              "Terraform": "true"
            }
          },
          "sensitive_attributes": [],
          "private": "eyJzY2hlbWFfdmVyc2lvbiI6IjEifQ=="
        }
      ]
    }
  ],
  "check_results": null
}
